// !$*UTF8*$!
{
	archiveVersion = 1;
	classes = {
	};
	objectVersion = 48;
	objects = {

/* Begin PBXBuildFile section */
		F31A92142035DD2500266103 /* Game.swift in Sources */ = {isa = PBXBuildFile; fileRef = F31A92132035DD2500266103 /* Game.swift */; };
		F39E798B2035C15A00320842 /* AppDelegate.swift in Sources */ = {isa = PBXBuildFile; fileRef = F39E798A2035C15A00320842 /* AppDelegate.swift */; };
		F39E798D2035C15A00320842 /* ViewController.swift in Sources */ = {isa = PBXBuildFile; fileRef = F39E798C2035C15A00320842 /* ViewController.swift */; };
		F39E79902035C15A00320842 /* Main.storyboard in Resources */ = {isa = PBXBuildFile; fileRef = F39E798E2035C15A00320842 /* Main.storyboard */; };
		F39E79922035C15A00320842 /* Assets.xcassets in Resources */ = {isa = PBXBuildFile; fileRef = F39E79912035C15A00320842 /* Assets.xcassets */; };
		F39E79952035C15A00320842 /* LaunchScreen.storyboard in Resources */ = {isa = PBXBuildFile; fileRef = F39E79932035C15A00320842 /* LaunchScreen.storyboard */; };
		F39E79A02035C15A00320842 /* Apple_PieTests.swift in Sources */ = {isa = PBXBuildFile; fileRef = F39E799F2035C15A00320842 /* Apple_PieTests.swift */; };
		F39E79AB2035C15B00320842 /* Apple_PieUITests.swift in Sources */ = {isa = PBXBuildFile; fileRef = F39E79AA2035C15B00320842 /* Apple_PieUITests.swift */; };
/* End PBXBuildFile section */

/* Begin PBXContainerItemProxy section */
		F39E799C2035C15A00320842 /* PBXContainerItemProxy */ = {
			isa = PBXContainerItemProxy;
			containerPortal = F39E797F2035C15A00320842 /* Project object */;
			proxyType = 1;
			remoteGlobalIDString = F39E79862035C15A00320842;
			remoteInfo = "Apple Pie";
		};
		F39E79A72035C15B00320842 /* PBXContainerItemProxy */ = {
			isa = PBXContainerItemProxy;
			containerPortal = F39E797F2035C15A00320842 /* Project object */;
			proxyType = 1;
			remoteGlobalIDString = F39E79862035C15A00320842;
			remoteInfo = "Apple Pie";
		};
/* End PBXContainerItemProxy section */

/* Begin PBXFileReference section */
		F31A92132035DD2500266103 /* Game.swift */ = {isa = PBXFileReference; lastKnownFileType = sourcecode.swift; path = Game.swift; sourceTree = "<group>"; };
		F39E79872035C15A00320842 /* Apple Pie.app */ = {isa = PBXFileReference; explicitFileType = wrapper.application; includeInIndex = 0; path = "Apple Pie.app"; sourceTree = BUILT_PRODUCTS_DIR; };
		F39E798A2035C15A00320842 /* AppDelegate.swift */ = {isa = PBXFileReference; lastKnownFileType = sourcecode.swift; path = AppDelegate.swift; sourceTree = "<group>"; };
		F39E798C2035C15A00320842 /* ViewController.swift */ = {isa = PBXFileReference; lastKnownFileType = sourcecode.swift; path = ViewController.swift; sourceTree = "<group>"; };
		F39E798F2035C15A00320842 /* Base */ = {isa = PBXFileReference; lastKnownFileType = file.storyboard; name = Base; path = Base.lproj/Main.storyboard; sourceTree = "<group>"; };
		F39E79912035C15A00320842 /* Assets.xcassets */ = {isa = PBXFileReference; lastKnownFileType = folder.assetcatalog; path = Assets.xcassets; sourceTree = "<group>"; };
		F39E79942035C15A00320842 /* Base */ = {isa = PBXFileReference; lastKnownFileType = file.storyboard; name = Base; path = Base.lproj/LaunchScreen.storyboard; sourceTree = "<group>"; };
		F39E79962035C15A00320842 /* Info.plist */ = {isa = PBXFileReference; lastKnownFileType = text.plist.xml; path = Info.plist; sourceTree = "<group>"; };
		F39E799B2035C15A00320842 /* Apple PieTests.xctest */ = {isa = PBXFileReference; explicitFileType = wrapper.cfbundle; includeInIndex = 0; path = "Apple PieTests.xctest"; sourceTree = BUILT_PRODUCTS_DIR; };
		F39E799F2035C15A00320842 /* Apple_PieTests.swift */ = {isa = PBXFileReference; lastKnownFileType = sourcecode.swift; path = Apple_PieTests.swift; sourceTree = "<group>"; };
		F39E79A12035C15B00320842 /* Info.plist */ = {isa = PBXFileReference; lastKnownFileType = text.plist.xml; path = Info.plist; sourceTree = "<group>"; };
		F39E79A62035C15B00320842 /* Apple PieUITests.xctest */ = {isa = PBXFileReference; explicitFileType = wrapper.cfbundle; includeInIndex = 0; path = "Apple PieUITests.xctest"; sourceTree = BUILT_PRODUCTS_DIR; };
		F39E79AA2035C15B00320842 /* Apple_PieUITests.swift */ = {isa = PBXFileReference; lastKnownFileType = sourcecode.swift; path = Apple_PieUITests.swift; sourceTree = "<group>"; };
		F39E79AC2035C15B00320842 /* Info.plist */ = {isa = PBXFileReference; lastKnownFileType = text.plist.xml; path = Info.plist; sourceTree = "<group>"; };
/* End PBXFileReference section */

/* Begin PBXFrameworksBuildPhase section */
		F39E79842035C15A00320842 /* Frameworks */ = {
			isa = PBXFrameworksBuildPhase;
			buildActionMask = 2147483647;
			files = (
			);
			runOnlyForDeploymentPostprocessing = 0;
		};
		F39E79982035C15A00320842 /* Frameworks */ = {
			isa = PBXFrameworksBuildPhase;
			buildActionMask = 2147483647;
			files = (
			);
			runOnlyForDeploymentPostprocessing = 0;
		};
		F39E79A32035C15B00320842 /* Frameworks */ = {
			isa = PBXFrameworksBuildPhase;
			buildActionMask = 2147483647;
			files = (
			);
			runOnlyForDeploymentPostprocessing = 0;
		};
/* End PBXFrameworksBuildPhase section */

/* Begin PBXGroup section */
		F39E797E2035C15A00320842 = {
			isa = PBXGroup;
			children = (
				F31A92132035DD2500266103 /* Game.swift */,
				F39E79892035C15A00320842 /* Apple Pie */,
				F39E799E2035C15A00320842 /* Apple PieTests */,
				F39E79A92035C15B00320842 /* Apple PieUITests */,
				F39E79882035C15A00320842 /* Products */,
			);
			sourceTree = "<group>";
		};
		F39E79882035C15A00320842 /* Products */ = {
			isa = PBXGroup;
			children = (
				F39E79872035C15A00320842 /* Apple Pie.app */,
				F39E799B2035C15A00320842 /* Apple PieTests.xctest */,
				F39E79A62035C15B00320842 /* Apple PieUITests.xctest */,
			);
			name = Products;
			sourceTree = "<group>";
		};
		F39E79892035C15A00320842 /* Apple Pie */ = {
			isa = PBXGroup;
			children = (
				F39E798A2035C15A00320842 /* AppDelegate.swift */,
				F39E798C2035C15A00320842 /* ViewController.swift */,
				F39E798E2035C15A00320842 /* Main.storyboard */,
				F39E79912035C15A00320842 /* Assets.xcassets */,
				F39E79932035C15A00320842 /* LaunchScreen.storyboard */,
				F39E79962035C15A00320842 /* Info.plist */,
			);
			path = "Apple Pie";
			sourceTree = "<group>";
		};
		F39E799E2035C15A00320842 /* Apple PieTests */ = {
			isa = PBXGroup;
			children = (
				F39E799F2035C15A00320842 /* Apple_PieTests.swift */,
				F39E79A12035C15B00320842 /* Info.plist */,
			);
			path = "Apple PieTests";
			sourceTree = "<group>";
		};
		F39E79A92035C15B00320842 /* Apple PieUITests */ = {
			isa = PBXGroup;
			children = (
				F39E79AA2035C15B00320842 /* Apple_PieUITests.swift */,
				F39E79AC2035C15B00320842 /* Info.plist */,
			);
			path = "Apple PieUITests";
			sourceTree = "<group>";
		};
/* End PBXGroup section */

/* Begin PBXNativeTarget section */
		F39E79862035C15A00320842 /* Apple Pie */ = {
			isa = PBXNativeTarget;
			buildConfigurationList = F39E79AF2035C15B00320842 /* Build configuration list for PBXNativeTarget "Apple Pie" */;
			buildPhases = (
				F39E79832035C15A00320842 /* Sources */,
				F39E79842035C15A00320842 /* Frameworks */,
				F39E79852035C15A00320842 /* Resources */,
			);
			buildRules = (
			);
			dependencies = (
			);
			name = "Apple Pie";
			productName = "Apple Pie";
			productReference = F39E79872035C15A00320842 /* Apple Pie.app */;
			productType = "com.apple.product-type.application";
		};
		F39E799A2035C15A00320842 /* Apple PieTests */ = {
			isa = PBXNativeTarget;
			buildConfigurationList = F39E79B22035C15B00320842 /* Build configuration list for PBXNativeTarget "Apple PieTests" */;
			buildPhases = (
				F39E79972035C15A00320842 /* Sources */,
				F39E79982035C15A00320842 /* Frameworks */,
				F39E79992035C15A00320842 /* Resources */,
			);
			buildRules = (
			);
			dependencies = (
				F39E799D2035C15A00320842 /* PBXTargetDependency */,
			);
			name = "Apple PieTests";
			productName = "Apple PieTests";
			productReference = F39E799B2035C15A00320842 /* Apple PieTests.xctest */;
			productType = "com.apple.product-type.bundle.unit-test";
		};
		F39E79A52035C15B00320842 /* Apple PieUITests */ = {
			isa = PBXNativeTarget;
			buildConfigurationList = F39E79B52035C15B00320842 /* Build configuration list for PBXNativeTarget "Apple PieUITests" */;
			buildPhases = (
				F39E79A22035C15B00320842 /* Sources */,
				F39E79A32035C15B00320842 /* Frameworks */,
				F39E79A42035C15B00320842 /* Resources */,
			);
			buildRules = (
			);
			dependencies = (
				F39E79A82035C15B00320842 /* PBXTargetDependency */,
			);
			name = "Apple PieUITests";
			productName = "Apple PieUITests";
			productReference = F39E79A62035C15B00320842 /* Apple PieUITests.xctest */;
			productType = "com.apple.product-type.bundle.ui-testing";
		};
/* End PBXNativeTarget section */

/* Begin PBXProject section */
		F39E797F2035C15A00320842 /* Project object */ = {
			isa = PBXProject;
			attributes = {
				LastSwiftUpdateCheck = 0920;
				LastUpgradeCheck = 0920;
				ORGANIZATIONNAME = "Paulina Van der Doe";
				TargetAttributes = {
					F39E79862035C15A00320842 = {
						CreatedOnToolsVersion = 9.2;
						ProvisioningStyle = Manual;
					};
					F39E799A2035C15A00320842 = {
						CreatedOnToolsVersion = 9.2;
						ProvisioningStyle = Automatic;
						TestTargetID = F39E79862035C15A00320842;
					};
					F39E79A52035C15B00320842 = {
						CreatedOnToolsVersion = 9.2;
						ProvisioningStyle = Automatic;
						TestTargetID = F39E79862035C15A00320842;
					};
				};
			};
			buildConfigurationList = F39E79822035C15A00320842 /* Build configuration list for PBXProject "Apple Pie" */;
			compatibilityVersion = "Xcode 8.0";
			developmentRegion = en;
			hasScannedForEncodings = 0;
			knownRegions = (
				en,
				Base,
			);
			mainGroup = F39E797E2035C15A00320842;
			productRefGroup = F39E79882035C15A00320842 /* Products */;
			projectDirPath = "";
			projectRoot = "";
			targets = (
				F39E79862035C15A00320842 /* Apple Pie */,
				F39E799A2035C15A00320842 /* Apple PieTests */,
				F39E79A52035C15B00320842 /* Apple PieUITests */,
			);
		};
/* End PBXProject section */

/* Begin PBXResourcesBuildPhase section */
		F39E79852035C15A00320842 /* Resources */ = {
			isa = PBXResourcesBuildPhase;
			buildActionMask = 2147483647;
			files = (
				F39E79952035C15A00320842 /* LaunchScreen.storyboard in Resources */,
				F39E79922035C15A00320842 /* Assets.xcassets in Resources */,
				F39E79902035C15A00320842 /* Main.storyboard in Resources */,
			);
			runOnlyForDeploymentPostprocessing = 0;
		};
		F39E79992035C15A00320842 /* Resources */ = {
			isa = PBXResourcesBuildPhase;
			buildActionMask = 2147483647;
			files = (
			);
			runOnlyForDeploymentPostprocessing = 0;
		};
		F39E79A42035C15B00320842 /* Resources */ = {
			isa = PBXResourcesBuildPhase;
			buildActionMask = 2147483647;
			files = (
			);
			runOnlyForDeploymentPostprocessing = 0;
		};
/* End PBXResourcesBuildPhase section */

/* Begin PBXSourcesBuildPhase section */
		F39E79832035C15A00320842 /* Sources */ = {
			isa = PBXSourcesBuildPhase;
			buildActionMask = 2147483647;
			files = (
				F39E798D2035C15A00320842 /* ViewController.swift in Sources */,
				F31A92142035DD2500266103 /* Game.swift in Sources */,
				F39E798B2035C15A00320842 /* AppDelegate.swift in Sources */,
			);
			runOnlyForDeploymentPostprocessing = 0;
		};
		F39E79972035C15A00320842 /* Sources */ = {
			isa = PBXSourcesBuildPhase;
			buildActionMask = 2147483647;
			files = (
				F39E79A02035C15A00320842 /* Apple_PieTests.swift in Sources */,
			);
			runOnlyForDeploymentPostprocessing = 0;
		};
		F39E79A22035C15B00320842 /* Sources */ = {
			isa = PBXSourcesBuildPhase;
			buildActionMask = 2147483647;
			files = (
				F39E79AB2035C15B00320842 /* Apple_PieUITests.swift in Sources */,
			);
			runOnlyForDeploymentPostprocessing = 0;
		};
/* End PBXSourcesBuildPhase section */

/* Begin PBXTargetDependency section */
		F39E799D2035C15A00320842 /* PBXTargetDependency */ = {
			isa = PBXTargetDependency;
			target = F39E79862035C15A00320842 /* Apple Pie */;
			targetProxy = F39E799C2035C15A00320842 /* PBXContainerItemProxy */;
		};
		F39E79A82035C15B00320842 /* PBXTargetDependency */ = {
			isa = PBXTargetDependency;
			target = F39E79862035C15A00320842 /* Apple Pie */;
			targetProxy = F39E79A72035C15B00320842 /* PBXContainerItemProxy */;
		};
/* End PBXTargetDependency section */

/* Begin PBXVariantGroup section */
		F39E798E2035C15A00320842 /* Main.storyboard */ = {
			isa = PBXVariantGroup;
			children = (
				F39E798F2035C15A00320842 /* Base */,
			);
			name = Main.storyboard;
			sourceTree = "<group>";
		};
		F39E79932035C15A00320842 /* LaunchScreen.storyboard */ = {
			isa = PBXVariantGroup;
			children = (
				F39E79942035C15A00320842 /* Base */,
			);
			name = LaunchScreen.storyboard;
			sourceTree = "<group>";
		};
/* End PBXVariantGroup section */

/* Begin XCBuildConfiguration section */
		F39E79AD2035C15B00320842 /* Debug */ = {
			isa = XCBuildConfiguration;
			buildSettings = {
				ALWAYS_SEARCH_USER_PATHS = NO;
				CLANG_ANALYZER_NONNULL = YES;
				CLANG_ANALYZER_NUMBER_OBJECT_CONVERSION = YES_AGGRESSIVE;
				CLANG_CXX_LANGUAGE_STANDARD = "gnu++14";
				CLANG_CXX_LIBRARY = "libc++";
				CLANG_ENABLE_MODULES = YES;
				CLANG_ENABLE_OBJC_ARC = YES;
				CLANG_WARN_BLOCK_CAPTURE_AUTORELEASING = YES;
				CLANG_WARN_BOOL_CONVERSION = YES;
				CLANG_WARN_COMMA = YES;
				CLANG_WARN_CONSTANT_CONVERSION = YES;
				CLANG_WARN_DIRECT_OBJC_ISA_USAGE = YES_ERROR;
				CLANG_WARN_DOCUMENTATION_COMMENTS = YES;
				CLANG_WARN_EMPTY_BODY = YES;
				CLANG_WARN_ENUM_CONVERSION = YES;
				CLANG_WARN_INFINITE_RECURSION = YES;
				CLANG_WARN_INT_CONVERSION = YES;
				CLANG_WARN_NON_LITERAL_NULL_CONVERSION = YES;
				CLANG_WARN_OBJC_LITERAL_CONVERSION = YES;
				CLANG_WARN_OBJC_ROOT_CLASS = YES_ERROR;
				CLANG_WARN_RANGE_LOOP_ANALYSIS = YES;
				CLANG_WARN_STRICT_PROTOTYPES = YES;
				CLANG_WARN_SUSPICIOUS_MOVE = YES;
				CLANG_WARN_UNGUARDED_AVAILABILITY = YES_AGGRESSIVE;
				CLANG_WARN_UNREACHABLE_CODE = YES;
				CLANG_WARN__DUPLICATE_METHOD_MATCH = YES;
				CODE_SIGN_IDENTITY = "iPhone Developer";
				COPY_PHASE_STRIP = NO;
				DEBUG_INFORMATION_FORMAT = dwarf;
				ENABLE_STRICT_OBJC_MSGSEND = YES;
				ENABLE_TESTABILITY = YES;
				GCC_C_LANGUAGE_STANDARD = gnu11;
				GCC_DYNAMIC_NO_PIC = NO;
				GCC_NO_COMMON_BLOCKS = YES;
				GCC_OPTIMIZATION_LEVEL = 0;
				GCC_PREPROCESSOR_DEFINITIONS = (
					"DEBUG=1",
					"$(inherited)",
				);
				GCC_WARN_64_TO_32_BIT_CONVERSION = YES;
				GCC_WARN_ABOUT_RETURN_TYPE = YES_ERROR;
				GCC_WARN_UNDECLARED_SELECTOR = YES;
				GCC_WARN_UNINITIALIZED_AUTOS = YES_AGGRESSIVE;
				GCC_WARN_UNUSED_FUNCTION = YES;
				GCC_WARN_UNUSED_VARIABLE = YES;
				IPHONEOS_DEPLOYMENT_TARGET = 11.2;
				MTL_ENABLE_DEBUG_INFO = YES;
				ONLY_ACTIVE_ARCH = YES;
				SDKROOT = iphoneos;
				SWIFT_ACTIVE_COMPILATION_CONDITIONS = DEBUG;
				SWIFT_OPTIMIZATION_LEVEL = "-Onone";
			};
			name = Debug;
		};
		F39E79AE2035C15B00320842 /* Release */ = {
			isa = XCBuildConfiguration;
			buildSettings = {
				ALWAYS_SEARCH_USER_PATHS = NO;
				CLANG_ANALYZER_NONNULL = YES;
				CLANG_ANALYZER_NUMBER_OBJECT_CONVERSION = YES_AGGRESSIVE;
				CLANG_CXX_LANGUAGE_STANDARD = "gnu++14";
				CLANG_CXX_LIBRARY = "libc++";
				CLANG_ENABLE_MODULES = YES;
				CLANG_ENABLE_OBJC_ARC = YES;
				CLANG_WARN_BLOCK_CAPTURE_AUTORELEASING = YES;
				CLANG_WARN_BOOL_CONVERSION = YES;
				CLANG_WARN_COMMA = YES;
				CLANG_WARN_CONSTANT_CONVERSION = YES;
				CLANG_WARN_DIRECT_OBJC_ISA_USAGE = YES_ERROR;
				CLANG_WARN_DOCUMENTATION_COMMENTS = YES;
				CLANG_WARN_EMPTY_BODY = YES;
				CLANG_WARN_ENUM_CONVERSION = YES;
				CLANG_WARN_INFINITE_RECURSION = YES;
				CLANG_WARN_INT_CONVERSION = YES;
				CLANG_WARN_NON_LITERAL_NULL_CONVERSION = YES;
				CLANG_WARN_OBJC_LITERAL_CONVERSION = YES;
				CLANG_WARN_OBJC_ROOT_CLASS = YES_ERROR;
				CLANG_WARN_RANGE_LOOP_ANALYSIS = YES;
				CLANG_WARN_STRICT_PROTOTYPES = YES;
				CLANG_WARN_SUSPICIOUS_MOVE = YES;
				CLANG_WARN_UNGUARDED_AVAILABILITY = YES_AGGRESSIVE;
				CLANG_WARN_UNREACHABLE_CODE = YES;
				CLANG_WARN__DUPLICATE_METHOD_MATCH = YES;
				CODE_SIGN_IDENTITY = "iPhone Developer";
				COPY_PHASE_STRIP = NO;
				DEBUG_INFORMATION_FORMAT = "dwarf-with-dsym";
				ENABLE_NS_ASSERTIONS = NO;
				ENABLE_STRICT_OBJC_MSGSEND = YES;
				GCC_C_LANGUAGE_STANDARD = gnu11;
				GCC_NO_COMMON_BLOCKS = YES;
				GCC_WARN_64_TO_32_BIT_CONVERSION = YES;
				GCC_WARN_ABOUT_RETURN_TYPE = YES_ERROR;
				GCC_WARN_UNDECLARED_SELECTOR = YES;
				GCC_WARN_UNINITIALIZED_AUTOS = YES_AGGRESSIVE;
				GCC_WARN_UNUSED_FUNCTION = YES;
				GCC_WARN_UNUSED_VARIABLE = YES;
				IPHONEOS_DEPLOYMENT_TARGET = 11.2;
				MTL_ENABLE_DEBUG_INFO = NO;
				SDKROOT = iphoneos;
				SWIFT_OPTIMIZATION_LEVEL = "-Owholemodule";
				VALIDATE_PRODUCT = YES;
			};
			name = Release;
		};
		F39E79B02035C15B00320842 /* Debug */ = {
			isa = XCBuildConfiguration;
			buildSettings = {
				ASSETCATALOG_COMPILER_APPICON_NAME = AppIcon;
				CODE_SIGN_STYLE = Manual;
				DEVELOPMENT_TEAM = "";
				INFOPLIST_FILE = "Apple Pie/Info.plist";
				LD_RUNPATH_SEARCH_PATHS = "$(inherited) @executable_path/Frameworks";
				PRODUCT_BUNDLE_IDENTIFIER = "Uva.Apple-Pie";
				PRODUCT_NAME = "$(TARGET_NAME)";
				PROVISIONING_PROFILE_SPECIFIER = "";
				SWIFT_VERSION = 4.0;
				TARGETED_DEVICE_FAMILY = 2;
			};
			name = Debug;
		};
		F39E79B12035C15B00320842 /* Release */ = {
			isa = XCBuildConfiguration;
			buildSettings = {
				ASSETCATALOG_COMPILER_APPICON_NAME = AppIcon;
				CODE_SIGN_STYLE = Manual;
				DEVELOPMENT_TEAM = "";
				INFOPLIST_FILE = "Apple Pie/Info.plist";
				LD_RUNPATH_SEARCH_PATHS = "$(inherited) @executable_path/Frameworks";
				PRODUCT_BUNDLE_IDENTIFIER = "Uva.Apple-Pie";
				PRODUCT_NAME = "$(TARGET_NAME)";
				PROVISIONING_PROFILE_SPECIFIER = "";
				SWIFT_VERSION = 4.0;
				TARGETED_DEVICE_FAMILY = 2;
			};
			name = Release;
		};
		F39E79B32035C15B00320842 /* Debug */ = {
			isa = XCBuildConfiguration;
			buildSettings = {
				ALWAYS_EMBED_SWIFT_STANDARD_LIBRARIES = YES;
				BUNDLE_LOADER = "$(TEST_HOST)";
				CODE_SIGN_STYLE = Automatic;
				INFOPLIST_FILE = "Apple PieTests/Info.plist";
				LD_RUNPATH_SEARCH_PATHS = "$(inherited) @executable_path/Frameworks @loader_path/Frameworks";
				PRODUCT_BUNDLE_IDENTIFIER = "Uva.Apple-PieTests";
				PRODUCT_NAME = "$(TARGET_NAME)";
				SWIFT_VERSION = 4.0;
				TARGETED_DEVICE_FAMILY = "1,2";
				TEST_HOST = "$(BUILT_PRODUCTS_DIR)/Apple Pie.app/Apple Pie";
			};
			name = Debug;
		};
		F39E79B42035C15B00320842 /* Release */ = {
			isa = XCBuildConfiguration;
			buildSettings = {
				ALWAYS_EMBED_SWIFT_STANDARD_LIBRARIES = YES;
				BUNDLE_LOADER = "$(TEST_HOST)";
				CODE_SIGN_STYLE = Automatic;
				INFOPLIST_FILE = "Apple PieTests/Info.plist";
				LD_RUNPATH_SEARCH_PATHS = "$(inherited) @executable_path/Frameworks @loader_path/Frameworks";
				PRODUCT_BUNDLE_IDENTIFIER = "Uva.Apple-PieTests";
				PRODUCT_NAME = "$(TARGET_NAME)";
				SWIFT_VERSION = 4.0;
				TARGETED_DEVICE_FAMILY = "1,2";
				TEST_HOST = "$(BUILT_PRODUCTS_DIR)/Apple Pie.app/Apple Pie";
			};
			name = Release;
		};
		F39E79B62035C15B00320842 /* Debug */ = {
			isa = XCBuildConfiguration;
			buildSettings = {
				ALWAYS_EMBED_SWIFT_STANDARD_LIBRARIES = YES;
				CODE_SIGN_STYLE = Automatic;
				INFOPLIST_FILE = "Apple PieUITests/Info.plist";
				LD_RUNPATH_SEARCH_PATHS = "$(inherited) @executable_path/Frameworks @loader_path/Frameworks";
				PRODUCT_BUNDLE_IDENTIFIER = "Uva.Apple-PieUITests";
				PRODUCT_NAME = "$(TARGET_NAME)";
				SWIFT_VERSION = 4.0;
				TARGETED_DEVICE_FAMILY = "1,2";
				TEST_TARGET_NAME = "Apple Pie";
			};
			name = Debug;
		};
		F39E79B72035C15B00320842 /* Release */ = {
			isa = XCBuildConfiguration;
			buildSettings = {
				ALWAYS_EMBED_SWIFT_STANDARD_LIBRARIES = YES;
				CODE_SIGN_STYLE = Automatic;
				INFOPLIST_FILE = "Apple PieUITests/Info.plist";
				LD_RUNPATH_SEARCH_PATHS = "$(inherited) @executable_path/Frameworks @loader_path/Frameworks";
				PRODUCT_BUNDLE_IDENTIFIER = "Uva.Apple-PieUITests";
				PRODUCT_NAME = "$(TARGET_NAME)";
				SWIFT_VERSION = 4.0;
				TARGETED_DEVICE_FAMILY = "1,2";
				TEST_TARGET_NAME = "Apple Pie";
			};
			name = Release;
		};
/* End XCBuildConfiguration section */

/* Begin XCConfigurationList section */
		F39E79822035C15A00320842 /* Build configuration list for PBXProject "Apple Pie" */ = {
			isa = XCConfigurationList;
			buildConfigurations = (
				F39E79AD2035C15B00320842 /* Debug */,
				F39E79AE2035C15B00320842 /* Release */,
			);
			defaultConfigurationIsVisible = 0;
			defaultConfigurationName = Release;
		};
		F39E79AF2035C15B00320842 /* Build configuration list for PBXNativeTarget "Apple Pie" */ = {
			isa = XCConfigurationList;
			buildConfigurations = (
				F39E79B02035C15B00320842 /* Debug */,
				F39E79B12035C15B00320842 /* Release */,
			);
			defaultConfigurationIsVisible = 0;
			defaultConfigurationName = Release;
		};
		F39E79B22035C15B00320842 /* Build configuration list for PBXNativeTarget "Apple PieTests" */ = {
			isa = XCConfigurationList;
			buildConfigurations = (
				F39E79B32035C15B00320842 /* Debug */,
				F39E79B42035C15B00320842 /* Release */,
			);
			defaultConfigurationIsVisible = 0;
			defaultConfigurationName = Release;
		};
		F39E79B52035C15B00320842 /* Build configuration list for PBXNativeTarget "Apple PieUITests" */ = {
			isa = XCConfigurationList;
			buildConfigurations = (
				F39E79B62035C15B00320842 /* Debug */,
				F39E79B72035C15B00320842 /* Release */,
			);
			defaultConfigurationIsVisible = 0;
			defaultConfigurationName = Release;
		};
/* End XCConfigurationList section */
	};
	rootObject = F39E797F2035C15A00320842 /* Project object */;
}
